
Microsoft Visual Studio Solution File, Format Version 12.00
# Visual Studio Version 16
VisualStudioVersion = 16.0.30320.27
MinimumVisualStudioVersion = 10.0.40219.1
Project("{FAE04EC0-301F-11D3-BF4B-00C04F79EFBC}") = "CilToolsDemo", "CilToolsDemo\CilToolsDemo.csproj", "{BB8F6999-8B4C-4339-BA84-6964E5E5EC5A}"
EndProject
Project("{9A19103F-16F7-4668-BE54-9A1E7A4F7556}") = "CilTools.BytecodeAnalysis.Tests", "tests\CilTools.BytecodeAnalysis.Tests\CilTools.BytecodeAnalysis.Tests.csproj", "{3B6EA845-B9F5-4041-BC32-F043B3D4B01C}"
EndProject
Project("{FAE04EC0-301F-11D3-BF4B-00C04F79EFBC}") = "CilTools.Runtime", "CilTools.Runtime\CilTools.Runtime.csproj", "{97D23C38-120E-47EA-BBCE-4FAE3C750BEE}"
EndProject
Project("{FAE04EC0-301F-11D3-BF4B-00C04F79EFBC}") = "CilView", "CilView\CilView.csproj", "{6B539538-E819-4F47-AB9B-6768F5FF6E0F}"
EndProject
Project("{2150E333-8FDC-42A3-9474-1A3956D46DE8}") = "tests", "tests", "{4A7BB35F-E42B-4A4E-8833-6B048065F45A}"
EndProject
Project("{FAE04EC0-301F-11D3-BF4B-00C04F79EFBC}") = "CilTools.Metadata.Tests", "tests\CilTools.Metadata.Tests\CilTools.Metadata.Tests.csproj", "{AC5F228E-77EA-4F45-A659-9D6DC5531328}"
	ProjectSection(ProjectDependencies) = postProject
		{43AC5DE1-B38D-47EE-B027-64AE237D939E} = {43AC5DE1-B38D-47EE-B027-64AE237D939E}
	EndProjectSection
EndProject
Project("{9A19103F-16F7-4668-BE54-9A1E7A4F7556}") = "CilTools.Metadata", "CilTools.Metadata\CilTools.Metadata.csproj", "{AF94ACBD-2263-4CB9-BC15-ABFD484CF2CF}"
EndProject
Project("{9A19103F-16F7-4668-BE54-9A1E7A4F7556}") = "CilTools.BytecodeAnalysis", "CilTools.BytecodeAnalysis\CilTools.BytecodeAnalysis.csproj", "{9A397C75-1438-43FD-ABFC-B19A918B4435}"
EndProject
Project("{9A19103F-16F7-4668-BE54-9A1E7A4F7556}") = "CilTools.Tests.Common", "tests\CilTools.Tests.Common\CilTools.Tests.Common.csproj", "{CC09C7FC-6B32-43BD-B4DA-E3C8CAF8EA91}"
EndProject
Project("{9A19103F-16F7-4668-BE54-9A1E7A4F7556}") = "EmitSampleApp", "tests\EmitSampleApp\EmitSampleApp.csproj", "{43AC5DE1-B38D-47EE-B027-64AE237D939E}"
EndProject
Project("{FAE04EC0-301F-11D3-BF4B-00C04F79EFBC}") = "CilTools.Runtime.Tests", "tests\CilTools.Runtime.Tests\CilTools.Runtime.Tests.csproj", "{AC54AC2F-492C-4089-AFEC-288F8C8A4260}"
EndProject
Project("{9A19103F-16F7-4668-BE54-9A1E7A4F7556}") = "CilTools.CommandLine", "CilTools.CommandLine\CilTools.CommandLine.csproj", "{8B1A9FEA-8E46-4F1C-BACE-C7AE484079AC}"
EndProject
Project("{9A19103F-16F7-4668-BE54-9A1E7A4F7556}") = "CilTools.CommandLine.Tests", "tests\CilTools.CommandLine.Tests\CilTools.CommandLine.Tests.csproj", "{425BC497-2DB9-4E45-B36D-81F62D7E9828}"
EndProject
Project("{9A19103F-16F7-4668-BE54-9A1E7A4F7556}") = "CilView.Core", "CilView.Core\CilView.Core.csproj", "{2801415A-3CBE-4D72-87F4-82C31D380675}"
EndProject
Project("{9A19103F-16F7-4668-BE54-9A1E7A4F7556}") = "CilView.Tests", "tests\CilView.Tests\CilView.Tests.csproj", "{EBDCD866-74A7-42C6-8C7F-3167E696A2E1}"
EndProject
Global
	GlobalSection(SolutionConfigurationPlatforms) = preSolution
		Debug|Any CPU = Debug|Any CPU
		Debug|Mixed Platforms = Debug|Mixed Platforms
		Debug|Win32 = Debug|Win32
		Release|Any CPU = Release|Any CPU
		Release|Mixed Platforms = Release|Mixed Platforms
		Release|Win32 = Release|Win32
	EndGlobalSection
	GlobalSection(ProjectConfigurationPlatforms) = postSolution
		{BB8F6999-8B4C-4339-BA84-6964E5E5EC5A}.Debug|Any CPU.ActiveCfg = Debug|Any CPU
		{BB8F6999-8B4C-4339-BA84-6964E5E5EC5A}.Debug|Any CPU.Build.0 = Debug|Any CPU
		{BB8F6999-8B4C-4339-BA84-6964E5E5EC5A}.Debug|Mixed Platforms.ActiveCfg = Debug|Any CPU
		{BB8F6999-8B4C-4339-BA84-6964E5E5EC5A}.Debug|Mixed Platforms.Build.0 = Debug|Any CPU
		{BB8F6999-8B4C-4339-BA84-6964E5E5EC5A}.Debug|Win32.ActiveCfg = Debug|Any CPU
		{BB8F6999-8B4C-4339-BA84-6964E5E5EC5A}.Release|Any CPU.ActiveCfg = Release|Any CPU
		{BB8F6999-8B4C-4339-BA84-6964E5E5EC5A}.Release|Any CPU.Build.0 = Release|Any CPU
		{BB8F6999-8B4C-4339-BA84-6964E5E5EC5A}.Release|Mixed Platforms.ActiveCfg = Release|Any CPU
		{BB8F6999-8B4C-4339-BA84-6964E5E5EC5A}.Release|Mixed Platforms.Build.0 = Release|Any CPU
		{BB8F6999-8B4C-4339-BA84-6964E5E5EC5A}.Release|Win32.ActiveCfg = Release|Any CPU
		{3B6EA845-B9F5-4041-BC32-F043B3D4B01C}.Debug|Any CPU.ActiveCfg = Debug|Any CPU
		{3B6EA845-B9F5-4041-BC32-F043B3D4B01C}.Debug|Any CPU.Build.0 = Debug|Any CPU
		{3B6EA845-B9F5-4041-BC32-F043B3D4B01C}.Debug|Mixed Platforms.ActiveCfg = Debug|Any CPU
		{3B6EA845-B9F5-4041-BC32-F043B3D4B01C}.Debug|Mixed Platforms.Build.0 = Debug|Any CPU
		{3B6EA845-B9F5-4041-BC32-F043B3D4B01C}.Debug|Win32.ActiveCfg = Debug|Any CPU
		{3B6EA845-B9F5-4041-BC32-F043B3D4B01C}.Release|Any CPU.ActiveCfg = Release|Any CPU
		{3B6EA845-B9F5-4041-BC32-F043B3D4B01C}.Release|Any CPU.Build.0 = Release|Any CPU
		{3B6EA845-B9F5-4041-BC32-F043B3D4B01C}.Release|Mixed Platforms.ActiveCfg = Release|Any CPU
		{3B6EA845-B9F5-4041-BC32-F043B3D4B01C}.Release|Mixed Platforms.Build.0 = Release|Any CPU
		{3B6EA845-B9F5-4041-BC32-F043B3D4B01C}.Release|Win32.ActiveCfg = Release|Any CPU
		{97D23C38-120E-47EA-BBCE-4FAE3C750BEE}.Debug|Any CPU.ActiveCfg = Debug|Any CPU
		{97D23C38-120E-47EA-BBCE-4FAE3C750BEE}.Debug|Any CPU.Build.0 = Debug|Any CPU
		{97D23C38-120E-47EA-BBCE-4FAE3C750BEE}.Debug|Mixed Platforms.ActiveCfg = Debug|Any CPU
		{97D23C38-120E-47EA-BBCE-4FAE3C750BEE}.Debug|Mixed Platforms.Build.0 = Debug|Any CPU
		{97D23C38-120E-47EA-BBCE-4FAE3C750BEE}.Debug|Win32.ActiveCfg = Debug|Any CPU
		{97D23C38-120E-47EA-BBCE-4FAE3C750BEE}.Release|Any CPU.ActiveCfg = Release|Any CPU
		{97D23C38-120E-47EA-BBCE-4FAE3C750BEE}.Release|Any CPU.Build.0 = Release|Any CPU
		{97D23C38-120E-47EA-BBCE-4FAE3C750BEE}.Release|Mixed Platforms.ActiveCfg = Release|Any CPU
		{97D23C38-120E-47EA-BBCE-4FAE3C750BEE}.Release|Mixed Platforms.Build.0 = Release|Any CPU
		{97D23C38-120E-47EA-BBCE-4FAE3C750BEE}.Release|Win32.ActiveCfg = Release|Any CPU
		{6B539538-E819-4F47-AB9B-6768F5FF6E0F}.Debug|Any CPU.ActiveCfg = Debug|Any CPU
		{6B539538-E819-4F47-AB9B-6768F5FF6E0F}.Debug|Any CPU.Build.0 = Debug|Any CPU
		{6B539538-E819-4F47-AB9B-6768F5FF6E0F}.Debug|Mixed Platforms.ActiveCfg = Debug|Any CPU
		{6B539538-E819-4F47-AB9B-6768F5FF6E0F}.Debug|Mixed Platforms.Build.0 = Debug|Any CPU
		{6B539538-E819-4F47-AB9B-6768F5FF6E0F}.Debug|Win32.ActiveCfg = Debug|Any CPU
		{6B539538-E819-4F47-AB9B-6768F5FF6E0F}.Release|Any CPU.ActiveCfg = Release|Any CPU
		{6B539538-E819-4F47-AB9B-6768F5FF6E0F}.Release|Any CPU.Build.0 = Release|Any CPU
		{6B539538-E819-4F47-AB9B-6768F5FF6E0F}.Release|Mixed Platforms.ActiveCfg = Release|Any CPU
		{6B539538-E819-4F47-AB9B-6768F5FF6E0F}.Release|Mixed Platforms.Build.0 = Release|Any CPU
		{6B539538-E819-4F47-AB9B-6768F5FF6E0F}.Release|Win32.ActiveCfg = Release|Any CPU
		{AC5F228E-77EA-4F45-A659-9D6DC5531328}.Debug|Any CPU.ActiveCfg = Debug|Any CPU
		{AC5F228E-77EA-4F45-A659-9D6DC5531328}.Debug|Any CPU.Build.0 = Debug|Any CPU
		{AC5F228E-77EA-4F45-A659-9D6DC5531328}.Debug|Mixed Platforms.ActiveCfg = Debug|Any CPU
		{AC5F228E-77EA-4F45-A659-9D6DC5531328}.Debug|Mixed Platforms.Build.0 = Debug|Any CPU
		{AC5F228E-77EA-4F45-A659-9D6DC5531328}.Debug|Win32.ActiveCfg = Debug|Any CPU
		{AC5F228E-77EA-4F45-A659-9D6DC5531328}.Debug|Win32.Build.0 = Debug|Any CPU
		{AC5F228E-77EA-4F45-A659-9D6DC5531328}.Release|Any CPU.ActiveCfg = Release|Any CPU
		{AC5F228E-77EA-4F45-A659-9D6DC5531328}.Release|Any CPU.Build.0 = Release|Any CPU
		{AC5F228E-77EA-4F45-A659-9D6DC5531328}.Release|Mixed Platforms.ActiveCfg = Release|Any CPU
		{AC5F228E-77EA-4F45-A659-9D6DC5531328}.Release|Mixed Platforms.Build.0 = Release|Any CPU
		{AC5F228E-77EA-4F45-A659-9D6DC5531328}.Release|Win32.ActiveCfg = Release|Any CPU
		{AC5F228E-77EA-4F45-A659-9D6DC5531328}.Release|Win32.Build.0 = Release|Any CPU
		{AF94ACBD-2263-4CB9-BC15-ABFD484CF2CF}.Debug|Any CPU.ActiveCfg = Debug|Any CPU
		{AF94ACBD-2263-4CB9-BC15-ABFD484CF2CF}.Debug|Any CPU.Build.0 = Debug|Any CPU
		{AF94ACBD-2263-4CB9-BC15-ABFD484CF2CF}.Debug|Mixed Platforms.ActiveCfg = Debug|Any CPU
		{AF94ACBD-2263-4CB9-BC15-ABFD484CF2CF}.Debug|Mixed Platforms.Build.0 = Debug|Any CPU
		{AF94ACBD-2263-4CB9-BC15-ABFD484CF2CF}.Debug|Win32.ActiveCfg = Debug|Any CPU
		{AF94ACBD-2263-4CB9-BC15-ABFD484CF2CF}.Debug|Win32.Build.0 = Debug|Any CPU
		{AF94ACBD-2263-4CB9-BC15-ABFD484CF2CF}.Release|Any CPU.ActiveCfg = Release|Any CPU
		{AF94ACBD-2263-4CB9-BC15-ABFD484CF2CF}.Release|Any CPU.Build.0 = Release|Any CPU
		{AF94ACBD-2263-4CB9-BC15-ABFD484CF2CF}.Release|Mixed Platforms.ActiveCfg = Release|Any CPU
		{AF94ACBD-2263-4CB9-BC15-ABFD484CF2CF}.Release|Mixed Platforms.Build.0 = Release|Any CPU
		{AF94ACBD-2263-4CB9-BC15-ABFD484CF2CF}.Release|Win32.ActiveCfg = Release|Any CPU
		{AF94ACBD-2263-4CB9-BC15-ABFD484CF2CF}.Release|Win32.Build.0 = Release|Any CPU
		{9A397C75-1438-43FD-ABFC-B19A918B4435}.Debug|Any CPU.ActiveCfg = Debug|Any CPU
		{9A397C75-1438-43FD-ABFC-B19A918B4435}.Debug|Any CPU.Build.0 = Debug|Any CPU
		{9A397C75-1438-43FD-ABFC-B19A918B4435}.Debug|Mixed Platforms.ActiveCfg = Debug|Any CPU
		{9A397C75-1438-43FD-ABFC-B19A918B4435}.Debug|Mixed Platforms.Build.0 = Debug|Any CPU
		{9A397C75-1438-43FD-ABFC-B19A918B4435}.Debug|Win32.ActiveCfg = Debug|Any CPU
		{9A397C75-1438-43FD-ABFC-B19A918B4435}.Debug|Win32.Build.0 = Debug|Any CPU
		{9A397C75-1438-43FD-ABFC-B19A918B4435}.Release|Any CPU.ActiveCfg = Release|Any CPU
		{9A397C75-1438-43FD-ABFC-B19A918B4435}.Release|Any CPU.Build.0 = Release|Any CPU
		{9A397C75-1438-43FD-ABFC-B19A918B4435}.Release|Mixed Platforms.ActiveCfg = Release|Any CPU
		{9A397C75-1438-43FD-ABFC-B19A918B4435}.Release|Mixed Platforms.Build.0 = Release|Any CPU
		{9A397C75-1438-43FD-ABFC-B19A918B4435}.Release|Win32.ActiveCfg = Release|Any CPU
		{9A397C75-1438-43FD-ABFC-B19A918B4435}.Release|Win32.Build.0 = Release|Any CPU
		{CC09C7FC-6B32-43BD-B4DA-E3C8CAF8EA91}.Debug|Any CPU.ActiveCfg = Debug|Any CPU
		{CC09C7FC-6B32-43BD-B4DA-E3C8CAF8EA91}.Debug|Any CPU.Build.0 = Debug|Any CPU
		{CC09C7FC-6B32-43BD-B4DA-E3C8CAF8EA91}.Debug|Mixed Platforms.ActiveCfg = Debug|Any CPU
		{CC09C7FC-6B32-43BD-B4DA-E3C8CAF8EA91}.Debug|Mixed Platforms.Build.0 = Debug|Any CPU
		{CC09C7FC-6B32-43BD-B4DA-E3C8CAF8EA91}.Debug|Win32.ActiveCfg = Debug|Any CPU
		{CC09C7FC-6B32-43BD-B4DA-E3C8CAF8EA91}.Debug|Win32.Build.0 = Debug|Any CPU
		{CC09C7FC-6B32-43BD-B4DA-E3C8CAF8EA91}.Release|Any CPU.ActiveCfg = Release|Any CPU
		{CC09C7FC-6B32-43BD-B4DA-E3C8CAF8EA91}.Release|Any CPU.Build.0 = Release|Any CPU
		{CC09C7FC-6B32-43BD-B4DA-E3C8CAF8EA91}.Release|Mixed Platforms.ActiveCfg = Release|Any CPU
		{CC09C7FC-6B32-43BD-B4DA-E3C8CAF8EA91}.Release|Mixed Platforms.Build.0 = Release|Any CPU
		{CC09C7FC-6B32-43BD-B4DA-E3C8CAF8EA91}.Release|Win32.ActiveCfg = Release|Any CPU
		{CC09C7FC-6B32-43BD-B4DA-E3C8CAF8EA91}.Release|Win32.Build.0 = Release|Any CPU
		{43AC5DE1-B38D-47EE-B027-64AE237D939E}.Debug|Any CPU.ActiveCfg = Debug|Any CPU
		{43AC5DE1-B38D-47EE-B027-64AE237D939E}.Debug|Any CPU.Build.0 = Debug|Any CPU
		{43AC5DE1-B38D-47EE-B027-64AE237D939E}.Debug|Mixed Platforms.ActiveCfg = Debug|Any CPU
		{43AC5DE1-B38D-47EE-B027-64AE237D939E}.Debug|Mixed Platforms.Build.0 = Debug|Any CPU
		{43AC5DE1-B38D-47EE-B027-64AE237D939E}.Debug|Win32.ActiveCfg = Debug|Any CPU
		{43AC5DE1-B38D-47EE-B027-64AE237D939E}.Debug|Win32.Build.0 = Debug|Any CPU
		{43AC5DE1-B38D-47EE-B027-64AE237D939E}.Release|Any CPU.ActiveCfg = Release|Any CPU
		{43AC5DE1-B38D-47EE-B027-64AE237D939E}.Release|Any CPU.Build.0 = Release|Any CPU
		{43AC5DE1-B38D-47EE-B027-64AE237D939E}.Release|Mixed Platforms.ActiveCfg = Release|Any CPU
		{43AC5DE1-B38D-47EE-B027-64AE237D939E}.Release|Mixed Platforms.Build.0 = Release|Any CPU
		{43AC5DE1-B38D-47EE-B027-64AE237D939E}.Release|Win32.ActiveCfg = Release|Any CPU
		{43AC5DE1-B38D-47EE-B027-64AE237D939E}.Release|Win32.Build.0 = Release|Any CPU
		{AC54AC2F-492C-4089-AFEC-288F8C8A4260}.Debug|Any CPU.ActiveCfg = Debug|Any CPU
		{AC54AC2F-492C-4089-AFEC-288F8C8A4260}.Debug|Any CPU.Build.0 = Debug|Any CPU
		{AC54AC2F-492C-4089-AFEC-288F8C8A4260}.Debug|Mixed Platforms.ActiveCfg = Debug|Any CPU
		{AC54AC2F-492C-4089-AFEC-288F8C8A4260}.Debug|Mixed Platforms.Build.0 = Debug|Any CPU
		{AC54AC2F-492C-4089-AFEC-288F8C8A4260}.Debug|Win32.ActiveCfg = Debug|Any CPU
		{AC54AC2F-492C-4089-AFEC-288F8C8A4260}.Debug|Win32.Build.0 = Debug|Any CPU
		{AC54AC2F-492C-4089-AFEC-288F8C8A4260}.Release|Any CPU.ActiveCfg = Release|Any CPU
		{AC54AC2F-492C-4089-AFEC-288F8C8A4260}.Release|Any CPU.Build.0 = Release|Any CPU
		{AC54AC2F-492C-4089-AFEC-288F8C8A4260}.Release|Mixed Platforms.ActiveCfg = Release|Any CPU
		{AC54AC2F-492C-4089-AFEC-288F8C8A4260}.Release|Mixed Platforms.Build.0 = Release|Any CPU
		{AC54AC2F-492C-4089-AFEC-288F8C8A4260}.Release|Win32.ActiveCfg = Release|Any CPU
		{AC54AC2F-492C-4089-AFEC-288F8C8A4260}.Release|Win32.Build.0 = Release|Any CPU
		{8B1A9FEA-8E46-4F1C-BACE-C7AE484079AC}.Debug|Any CPU.ActiveCfg = Debug|Any CPU
		{8B1A9FEA-8E46-4F1C-BACE-C7AE484079AC}.Debug|Any CPU.Build.0 = Debug|Any CPU
		{8B1A9FEA-8E46-4F1C-BACE-C7AE484079AC}.Debug|Mixed Platforms.ActiveCfg = Debug|Any CPU
		{8B1A9FEA-8E46-4F1C-BACE-C7AE484079AC}.Debug|Mixed Platforms.Build.0 = Debug|Any CPU
		{8B1A9FEA-8E46-4F1C-BACE-C7AE484079AC}.Debug|Win32.ActiveCfg = Debug|Any CPU
		{8B1A9FEA-8E46-4F1C-BACE-C7AE484079AC}.Debug|Win32.Build.0 = Debug|Any CPU
		{8B1A9FEA-8E46-4F1C-BACE-C7AE484079AC}.Release|Any CPU.ActiveCfg = Release|Any CPU
		{8B1A9FEA-8E46-4F1C-BACE-C7AE484079AC}.Release|Any CPU.Build.0 = Release|Any CPU
		{8B1A9FEA-8E46-4F1C-BACE-C7AE484079AC}.Release|Mixed Platforms.ActiveCfg = Release|Any CPU
		{8B1A9FEA-8E46-4F1C-BACE-C7AE484079AC}.Release|Mixed Platforms.Build.0 = Release|Any CPU
		{8B1A9FEA-8E46-4F1C-BACE-C7AE484079AC}.Release|Win32.ActiveCfg = Release|Any CPU
		{8B1A9FEA-8E46-4F1C-BACE-C7AE484079AC}.Release|Win32.Build.0 = Release|Any CPU
		{425BC497-2DB9-4E45-B36D-81F62D7E9828}.Debug|Any CPU.ActiveCfg = Debug|Any CPU
		{425BC497-2DB9-4E45-B36D-81F62D7E9828}.Debug|Any CPU.Build.0 = Debug|Any CPU
		{425BC497-2DB9-4E45-B36D-81F62D7E9828}.Debug|Mixed Platforms.ActiveCfg = Debug|Any CPU
		{425BC497-2DB9-4E45-B36D-81F62D7E9828}.Debug|Mixed Platforms.Build.0 = Debug|Any CPU
		{425BC497-2DB9-4E45-B36D-81F62D7E9828}.Debug|Win32.ActiveCfg = Debug|Any CPU
		{425BC497-2DB9-4E45-B36D-81F62D7E9828}.Debug|Win32.Build.0 = Debug|Any CPU
		{425BC497-2DB9-4E45-B36D-81F62D7E9828}.Release|Any CPU.ActiveCfg = Release|Any CPU
		{425BC497-2DB9-4E45-B36D-81F62D7E9828}.Release|Any CPU.Build.0 = Release|Any CPU
		{425BC497-2DB9-4E45-B36D-81F62D7E9828}.Release|Mixed Platforms.ActiveCfg = Release|Any CPU
		{425BC497-2DB9-4E45-B36D-81F62D7E9828}.Release|Mixed Platforms.Build.0 = Release|Any CPU
		{425BC497-2DB9-4E45-B36D-81F62D7E9828}.Release|Win32.ActiveCfg = Release|Any CPU
		{425BC497-2DB9-4E45-B36D-81F62D7E9828}.Release|Win32.Build.0 = Release|Any CPU
		{2801415A-3CBE-4D72-87F4-82C31D380675}.Debug|Any CPU.ActiveCfg = Debug|Any CPU
		{2801415A-3CBE-4D72-87F4-82C31D380675}.Debug|Any CPU.Build.0 = Debug|Any CPU
		{2801415A-3CBE-4D72-87F4-82C31D380675}.Debug|Mixed Platforms.ActiveCfg = Debug|Any CPU
		{2801415A-3CBE-4D72-87F4-82C31D380675}.Debug|Mixed Platforms.Build.0 = Debug|Any CPU
		{2801415A-3CBE-4D72-87F4-82C31D380675}.Debug|Win32.ActiveCfg = Debug|Any CPU
		{2801415A-3CBE-4D72-87F4-82C31D380675}.Debug|Win32.Build.0 = Debug|Any CPU
		{2801415A-3CBE-4D72-87F4-82C31D380675}.Release|Any CPU.ActiveCfg = Release|Any CPU
		{2801415A-3CBE-4D72-87F4-82C31D380675}.Release|Any CPU.Build.0 = Release|Any CPU
		{2801415A-3CBE-4D72-87F4-82C31D380675}.Release|Mixed Platforms.ActiveCfg = Release|Any CPU
		{2801415A-3CBE-4D72-87F4-82C31D380675}.Release|Mixed Platforms.Build.0 = Release|Any CPU
		{2801415A-3CBE-4D72-87F4-82C31D380675}.Release|Win32.ActiveCfg = Release|Any CPU
		{2801415A-3CBE-4D72-87F4-82C31D380675}.Release|Win32.Build.0 = Release|Any CPU
		{EBDCD866-74A7-42C6-8C7F-3167E696A2E1}.Debug|Any CPU.ActiveCfg = Debug|Any CPU
		{EBDCD866-74A7-42C6-8C7F-3167E696A2E1}.Debug|Any CPU.Build.0 = Debug|Any CPU
		{EBDCD866-74A7-42C6-8C7F-3167E696A2E1}.Debug|Mixed Platforms.ActiveCfg = Debug|Any CPU
		{EBDCD866-74A7-42C6-8C7F-3167E696A2E1}.Debug|Mixed Platforms.Build.0 = Debug|Any CPU
		{EBDCD866-74A7-42C6-8C7F-3167E696A2E1}.Debug|Win32.ActiveCfg = Debug|Any CPU
		{EBDCD866-74A7-42C6-8C7F-3167E696A2E1}.Debug|Win32.Build.0 = Debug|Any CPU
		{EBDCD866-74A7-42C6-8C7F-3167E696A2E1}.Release|Any CPU.ActiveCfg = Release|Any CPU
		{EBDCD866-74A7-42C6-8C7F-3167E696A2E1}.Release|Any CPU.Build.0 = Release|Any CPU
		{EBDCD866-74A7-42C6-8C7F-3167E696A2E1}.Release|Mixed Platforms.ActiveCfg = Release|Any CPU
		{EBDCD866-74A7-42C6-8C7F-3167E696A2E1}.Release|Mixed Platforms.Build.0 = Release|Any CPU
		{EBDCD866-74A7-42C6-8C7F-3167E696A2E1}.Release|Win32.ActiveCfg = Release|Any CPU
		{EBDCD866-74A7-42C6-8C7F-3167E696A2E1}.Release|Win32.Build.0 = Release|Any CPU
	EndGlobalSection
	GlobalSection(SolutionProperties) = preSolution
		HideSolutionNode = FALSE
	EndGlobalSection
	GlobalSection(NestedProjects) = preSolution
		{3B6EA845-B9F5-4041-BC32-F043B3D4B01C} = {4A7BB35F-E42B-4A4E-8833-6B048065F45A}
		{AC5F228E-77EA-4F45-A659-9D6DC5531328} = {4A7BB35F-E42B-4A4E-8833-6B048065F45A}
		{CC09C7FC-6B32-43BD-B4DA-E3C8CAF8EA91} = {4A7BB35F-E42B-4A4E-8833-6B048065F45A}
		{43AC5DE1-B38D-47EE-B027-64AE237D939E} = {4A7BB35F-E42B-4A4E-8833-6B048065F45A}
		{AC54AC2F-492C-4089-AFEC-288F8C8A4260} = {4A7BB35F-E42B-4A4E-8833-6B048065F45A}
		{425BC497-2DB9-4E45-B36D-81F62D7E9828} = {4A7BB35F-E42B-4A4E-8833-6B048065F45A}
		{EBDCD866-74A7-42C6-8C7F-3167E696A2E1} = {4A7BB35F-E42B-4A4E-8833-6B048065F45A}
	EndGlobalSection
	GlobalSection(ExtensibilityGlobals) = postSolution
		SolutionGuid = {E67EF443-831E-47A3-A9FD-F4EAD03CEEED}
	EndGlobalSection
EndGlobal
