
Microsoft Visual Studio Solution File, Format Version 12.00
# Visual Studio 15
VisualStudioVersion = 15.0.28010.2016
MinimumVisualStudioVersion = 10.0.40219.1
Project("{FAE04EC0-301F-11D3-BF4B-00C04F79EFBC}") = "CilBytecodeParser.NetStandard", "CilBytecodeParser.NetStandard.csproj", "{F3194E62-F99C-48BF-9976-DD7FD02C8BBC}"
EndProject
Global
	GlobalSection(SolutionConfigurationPlatforms) = preSolution
		Debug|Any CPU = Debug|Any CPU
		Release|Any CPU = Release|Any CPU
	EndGlobalSection
	GlobalSection(ProjectConfigurationPlatforms) = postSolution
		{F3194E62-F99C-48BF-9976-DD7FD02C8BBC}.Debug|Any CPU.ActiveCfg = Debug|Any CPU
		{F3194E62-F99C-48BF-9976-DD7FD02C8BBC}.Debug|Any CPU.Build.0 = Debug|Any CPU
		{F3194E62-F99C-48BF-9976-DD7FD02C8BBC}.Release|Any CPU.ActiveCfg = Release|Any CPU
		{F3194E62-F99C-48BF-9976-DD7FD02C8BBC}.Release|Any CPU.Build.0 = Release|Any CPU
	EndGlobalSection
	GlobalSection(SolutionProperties) = preSolution
		HideSolutionNode = FALSE
	EndGlobalSection
	GlobalSection(ExtensibilityGlobals) = postSolution
		SolutionGuid = {45E8630A-EDE8-4A16-9661-0E3229A3F0D4}
	EndGlobalSection
EndGlobal
